
Microsoft Visual Studio Solution File, Format Version 12.00
# Visual Studio 15
VisualStudioVersion = 15.0.27004.2006
MinimumVisualStudioVersion = 10.0.40219.1
Project("{FAE04EC0-301F-11D3-BF4B-00C04F79EFBC}") = "WebApplication1", "WebApplication1\WebApplication1.csproj", "{FD485C97-E2CA-4907-8D63-8BE205D4B9E6}"
EndProject
Global
	GlobalSection(SolutionConfigurationPlatforms) = preSolution
		Debug|Any CPU = Debug|Any CPU
		Release|Any CPU = Release|Any CPU
	EndGlobalSection
	GlobalSection(ProjectConfigurationPlatforms) = postSolution
		{FD485C97-E2CA-4907-8D63-8BE205D4B9E6}.Debug|Any CPU.ActiveCfg = Debug|Any CPU
		{FD485C97-E2CA-4907-8D63-8BE205D4B9E6}.Debug|Any CPU.Build.0 = Debug|Any CPU
		{FD485C97-E2CA-4907-8D63-8BE205D4B9E6}.Release|Any CPU.ActiveCfg = Release|Any CPU
		{FD485C97-E2CA-4907-8D63-8BE205D4B9E6}.Release|Any CPU.Build.0 = Release|Any CPU
	EndGlobalSection
	GlobalSection(SolutionProperties) = preSolution
		HideSolutionNode = FALSE
	EndGlobalSection
	GlobalSection(ExtensibilityGlobals) = postSolution
		SolutionGuid = {2D298615-258F-4339-927B-9F2437BF341B}
	EndGlobalSection
EndGlobal
